
Microsoft Visual Studio Solution File, Format Version 12.00
# Visual Studio Version 16
VisualStudioVersion = 16.0.32602.291
MinimumVisualStudioVersion = 10.0.40219.1
Project("{FAE04EC0-301F-11D3-BF4B-00C04F79EFBC}") = "VehicleLoanProject", "VehicleLoanProject\VehicleLoanProject.csproj", "{47C6ABB4-ED8D-4C3D-9BA1-17B696975B93}"
EndProject
Global
	GlobalSection(SolutionConfigurationPlatforms) = preSolution
		Debug|Any CPU = Debug|Any CPU
		Release|Any CPU = Release|Any CPU
	EndGlobalSection
	GlobalSection(ProjectConfigurationPlatforms) = postSolution
		{47C6ABB4-ED8D-4C3D-9BA1-17B696975B93}.Debug|Any CPU.ActiveCfg = Debug|Any CPU
		{47C6ABB4-ED8D-4C3D-9BA1-17B696975B93}.Debug|Any CPU.Build.0 = Debug|Any CPU
		{47C6ABB4-ED8D-4C3D-9BA1-17B696975B93}.Release|Any CPU.ActiveCfg = Release|Any CPU
		{47C6ABB4-ED8D-4C3D-9BA1-17B696975B93}.Release|Any CPU.Build.0 = Release|Any CPU
	EndGlobalSection
	GlobalSection(SolutionProperties) = preSolution
		HideSolutionNode = FALSE
	EndGlobalSection
	GlobalSection(ExtensibilityGlobals) = postSolution
		SolutionGuid = {F8B4C538-773A-41C9-B192-A57412C11579}
	EndGlobalSection
EndGlobal
